
Microsoft Visual Studio Solution File, Format Version 12.00
# Visual Studio Version 16
VisualStudioVersion = 16.0.31515.178
MinimumVisualStudioVersion = 10.0.40219.1
Project("{FAE04EC0-301F-11D3-BF4B-00C04F79EFBC}") = "PracticeQuery", "PracticeQuery\PracticeQuery.csproj", "{C73BA730-2F8D-46ED-83FA-03A33F3AA122}"
EndProject
Global
	GlobalSection(SolutionConfigurationPlatforms) = preSolution
		Debug|Any CPU = Debug|Any CPU
		Release|Any CPU = Release|Any CPU
	EndGlobalSection
	GlobalSection(ProjectConfigurationPlatforms) = postSolution
		{C73BA730-2F8D-46ED-83FA-03A33F3AA122}.Debug|Any CPU.ActiveCfg = Debug|Any CPU
		{C73BA730-2F8D-46ED-83FA-03A33F3AA122}.Debug|Any CPU.Build.0 = Debug|Any CPU
		{C73BA730-2F8D-46ED-83FA-03A33F3AA122}.Release|Any CPU.ActiveCfg = Release|Any CPU
		{C73BA730-2F8D-46ED-83FA-03A33F3AA122}.Release|Any CPU.Build.0 = Release|Any CPU
	EndGlobalSection
	GlobalSection(SolutionProperties) = preSolution
		HideSolutionNode = FALSE
	EndGlobalSection
	GlobalSection(ExtensibilityGlobals) = postSolution
		SolutionGuid = {87F12D37-FBE9-408E-945F-0FB8EB60DDB2}
	EndGlobalSection
EndGlobal
